
Microsoft Visual Studio Solution File, Format Version 12.00
# Visual Studio Version 17
VisualStudioVersion = 17.4.33122.133
MinimumVisualStudioVersion = 10.0.40219.1
Project("{FAE04EC0-301F-11D3-BF4B-00C04F79EFBC}") = "certz", "certz.csproj", "{C22C77D5-0F06-413B-8598-5E22F280210B}"
EndProject
Global
	GlobalSection(SolutionConfigurationPlatforms) = preSolution
		Debug|Any CPU = Debug|Any CPU
		Release|Any CPU = Release|Any CPU
	EndGlobalSection
	GlobalSection(ProjectConfigurationPlatforms) = postSolution
		{C22C77D5-0F06-413B-8598-5E22F280210B}.Debug|Any CPU.ActiveCfg = Debug|Any CPU
		{C22C77D5-0F06-413B-8598-5E22F280210B}.Debug|Any CPU.Build.0 = Debug|Any CPU
		{C22C77D5-0F06-413B-8598-5E22F280210B}.Release|Any CPU.ActiveCfg = Release|Any CPU
		{C22C77D5-0F06-413B-8598-5E22F280210B}.Release|Any CPU.Build.0 = Release|Any CPU
	EndGlobalSection
	GlobalSection(SolutionProperties) = preSolution
		HideSolutionNode = FALSE
	EndGlobalSection
	GlobalSection(ExtensibilityGlobals) = postSolution
		SolutionGuid = {48A8F768-D639-4336-A422-AC5866741EC8}
	EndGlobalSection
EndGlobal
